
Microsoft Visual Studio Solution File, Format Version 12.00
# Visual Studio Version 16
VisualStudioVersion = 16.0.30114.105
MinimumVisualStudioVersion = 10.0.40219.1
Project("{FAE04EC0-301F-11D3-BF4B-00C04F79EFBC}") = "R5T.T0085", "R5T.T0085\R5T.T0085.csproj", "{5C8C4C93-B54D-4E6A-B1A0-1CC169CB5B2E}"
EndProject
Project("{FAE04EC0-301F-11D3-BF4B-00C04F79EFBC}") = "R5T.T0085.Construction", "R5T.T0085.Construction\R5T.T0085.Construction.csproj", "{A4C8C271-6F2D-408A-AC08-76231AFB2B6F}"
EndProject
Global
	GlobalSection(SolutionConfigurationPlatforms) = preSolution
		Debug|Any CPU = Debug|Any CPU
		Debug|x64 = Debug|x64
		Debug|x86 = Debug|x86
		Release|Any CPU = Release|Any CPU
		Release|x64 = Release|x64
		Release|x86 = Release|x86
	EndGlobalSection
	GlobalSection(SolutionProperties) = preSolution
		HideSolutionNode = FALSE
	EndGlobalSection
	GlobalSection(ProjectConfigurationPlatforms) = postSolution
		{5C8C4C93-B54D-4E6A-B1A0-1CC169CB5B2E}.Debug|Any CPU.ActiveCfg = Debug|Any CPU
		{5C8C4C93-B54D-4E6A-B1A0-1CC169CB5B2E}.Debug|Any CPU.Build.0 = Debug|Any CPU
		{5C8C4C93-B54D-4E6A-B1A0-1CC169CB5B2E}.Debug|x64.ActiveCfg = Debug|Any CPU
		{5C8C4C93-B54D-4E6A-B1A0-1CC169CB5B2E}.Debug|x64.Build.0 = Debug|Any CPU
		{5C8C4C93-B54D-4E6A-B1A0-1CC169CB5B2E}.Debug|x86.ActiveCfg = Debug|Any CPU
		{5C8C4C93-B54D-4E6A-B1A0-1CC169CB5B2E}.Debug|x86.Build.0 = Debug|Any CPU
		{5C8C4C93-B54D-4E6A-B1A0-1CC169CB5B2E}.Release|Any CPU.ActiveCfg = Release|Any CPU
		{5C8C4C93-B54D-4E6A-B1A0-1CC169CB5B2E}.Release|Any CPU.Build.0 = Release|Any CPU
		{5C8C4C93-B54D-4E6A-B1A0-1CC169CB5B2E}.Release|x64.ActiveCfg = Release|Any CPU
		{5C8C4C93-B54D-4E6A-B1A0-1CC169CB5B2E}.Release|x64.Build.0 = Release|Any CPU
		{5C8C4C93-B54D-4E6A-B1A0-1CC169CB5B2E}.Release|x86.ActiveCfg = Release|Any CPU
		{5C8C4C93-B54D-4E6A-B1A0-1CC169CB5B2E}.Release|x86.Build.0 = Release|Any CPU
		{A4C8C271-6F2D-408A-AC08-76231AFB2B6F}.Debug|Any CPU.ActiveCfg = Debug|Any CPU
		{A4C8C271-6F2D-408A-AC08-76231AFB2B6F}.Debug|Any CPU.Build.0 = Debug|Any CPU
		{A4C8C271-6F2D-408A-AC08-76231AFB2B6F}.Debug|x64.ActiveCfg = Debug|Any CPU
		{A4C8C271-6F2D-408A-AC08-76231AFB2B6F}.Debug|x64.Build.0 = Debug|Any CPU
		{A4C8C271-6F2D-408A-AC08-76231AFB2B6F}.Debug|x86.ActiveCfg = Debug|Any CPU
		{A4C8C271-6F2D-408A-AC08-76231AFB2B6F}.Debug|x86.Build.0 = Debug|Any CPU
		{A4C8C271-6F2D-408A-AC08-76231AFB2B6F}.Release|Any CPU.ActiveCfg = Release|Any CPU
		{A4C8C271-6F2D-408A-AC08-76231AFB2B6F}.Release|Any CPU.Build.0 = Release|Any CPU
		{A4C8C271-6F2D-408A-AC08-76231AFB2B6F}.Release|x64.ActiveCfg = Release|Any CPU
		{A4C8C271-6F2D-408A-AC08-76231AFB2B6F}.Release|x64.Build.0 = Release|Any CPU
		{A4C8C271-6F2D-408A-AC08-76231AFB2B6F}.Release|x86.ActiveCfg = Release|Any CPU
		{A4C8C271-6F2D-408A-AC08-76231AFB2B6F}.Release|x86.Build.0 = Release|Any CPU
	EndGlobalSection
EndGlobal
