
Microsoft Visual Studio Solution File, Format Version 12.00
# Visual Studio Version 16
VisualStudioVersion = 16.6.30114.105
MinimumVisualStudioVersion = 10.0.40219.1
Project("{9A19103F-16F7-4668-BE54-9A1E7A4F7556}") = "R5T.T0085", "R5T.T0085\R5T.T0085.csproj", "{8CEDCA64-6C9E-4299-B245-E5D492834F88}"
EndProject
Project("{2150E333-8FDC-42A3-9474-1A3956D46DE8}") = "_Dependencies", "_Dependencies", "{8C97BE48-3FCB-4D54-AA09-0B517745919A}"
EndProject
Project("{9A19103F-16F7-4668-BE54-9A1E7A4F7556}") = "R5T.T0081.X001", "..\..\R5T.T0081\source\R5T.T0081.X001\R5T.T0081.X001.csproj", "{4CC9F625-9D67-4568-A5BB-722A2EC55252}"
EndProject
Project("{9A19103F-16F7-4668-BE54-9A1E7A4F7556}") = "R5T.T0080", "..\..\R5T.T0080\source\R5T.T0080\R5T.T0080.csproj", "{0CF43706-947D-4E48-9497-70C7D7CD0098}"
EndProject
Project("{9A19103F-16F7-4668-BE54-9A1E7A4F7556}") = "R5T.L0015", "..\..\R5T.L0015\source\R5T.L0015\R5T.L0015.csproj", "{5F2218A3-80C5-4EC6-96CE-CE2A3E2C0367}"
EndProject
Project("{9A19103F-16F7-4668-BE54-9A1E7A4F7556}") = "R5T.T0081", "..\..\R5T.T0081\source\R5T.T0081\R5T.T0081.csproj", "{B2533ECB-BE69-4101-9DC1-D79CDD557E95}"
EndProject
Project("{9A19103F-16F7-4668-BE54-9A1E7A4F7556}") = "R5T.T0039.T002", "..\..\R5T.T0039\source\R5T.T0039.T002\R5T.T0039.T002.csproj", "{8769D6C4-7631-4A84-B057-58A2BBB8DA0B}"
EndProject
Project("{9A19103F-16F7-4668-BE54-9A1E7A4F7556}") = "R5T.T0082", "..\..\R5T.T0082\source\R5T.T0082\R5T.T0082.csproj", "{89391C6E-AD2F-42C9-A9FD-B403D005189F}"
EndProject
Project("{9A19103F-16F7-4668-BE54-9A1E7A4F7556}") = "R5T.L0015.X001", "..\..\R5T.L0015\source\R5T.L0015.X001\R5T.L0015.X001.csproj", "{1D9CD911-C525-4125-8B4B-C5FB7B636534}"
EndProject
Global
	GlobalSection(SolutionConfigurationPlatforms) = preSolution
		Debug|Any CPU = Debug|Any CPU
		Debug|x64 = Debug|x64
		Debug|x86 = Debug|x86
		Release|Any CPU = Release|Any CPU
		Release|x64 = Release|x64
		Release|x86 = Release|x86
	EndGlobalSection
	GlobalSection(ProjectConfigurationPlatforms) = postSolution
		{8CEDCA64-6C9E-4299-B245-E5D492834F88}.Debug|Any CPU.ActiveCfg = Debug|Any CPU
		{8CEDCA64-6C9E-4299-B245-E5D492834F88}.Debug|Any CPU.Build.0 = Debug|Any CPU
		{8CEDCA64-6C9E-4299-B245-E5D492834F88}.Debug|x64.ActiveCfg = Debug|Any CPU
		{8CEDCA64-6C9E-4299-B245-E5D492834F88}.Debug|x64.Build.0 = Debug|Any CPU
		{8CEDCA64-6C9E-4299-B245-E5D492834F88}.Debug|x86.ActiveCfg = Debug|Any CPU
		{8CEDCA64-6C9E-4299-B245-E5D492834F88}.Debug|x86.Build.0 = Debug|Any CPU
		{8CEDCA64-6C9E-4299-B245-E5D492834F88}.Release|Any CPU.ActiveCfg = Release|Any CPU
		{8CEDCA64-6C9E-4299-B245-E5D492834F88}.Release|Any CPU.Build.0 = Release|Any CPU
		{8CEDCA64-6C9E-4299-B245-E5D492834F88}.Release|x64.ActiveCfg = Release|Any CPU
		{8CEDCA64-6C9E-4299-B245-E5D492834F88}.Release|x64.Build.0 = Release|Any CPU
		{8CEDCA64-6C9E-4299-B245-E5D492834F88}.Release|x86.ActiveCfg = Release|Any CPU
		{8CEDCA64-6C9E-4299-B245-E5D492834F88}.Release|x86.Build.0 = Release|Any CPU
		{4CC9F625-9D67-4568-A5BB-722A2EC55252}.Debug|Any CPU.ActiveCfg = Debug|Any CPU
		{4CC9F625-9D67-4568-A5BB-722A2EC55252}.Debug|Any CPU.Build.0 = Debug|Any CPU
		{4CC9F625-9D67-4568-A5BB-722A2EC55252}.Debug|x64.ActiveCfg = Debug|Any CPU
		{4CC9F625-9D67-4568-A5BB-722A2EC55252}.Debug|x64.Build.0 = Debug|Any CPU
		{4CC9F625-9D67-4568-A5BB-722A2EC55252}.Debug|x86.ActiveCfg = Debug|Any CPU
		{4CC9F625-9D67-4568-A5BB-722A2EC55252}.Debug|x86.Build.0 = Debug|Any CPU
		{4CC9F625-9D67-4568-A5BB-722A2EC55252}.Release|Any CPU.ActiveCfg = Release|Any CPU
		{4CC9F625-9D67-4568-A5BB-722A2EC55252}.Release|Any CPU.Build.0 = Release|Any CPU
		{4CC9F625-9D67-4568-A5BB-722A2EC55252}.Release|x64.ActiveCfg = Release|Any CPU
		{4CC9F625-9D67-4568-A5BB-722A2EC55252}.Release|x64.Build.0 = Release|Any CPU
		{4CC9F625-9D67-4568-A5BB-722A2EC55252}.Release|x86.ActiveCfg = Release|Any CPU
		{4CC9F625-9D67-4568-A5BB-722A2EC55252}.Release|x86.Build.0 = Release|Any CPU
		{0CF43706-947D-4E48-9497-70C7D7CD0098}.Debug|Any CPU.ActiveCfg = Debug|Any CPU
		{0CF43706-947D-4E48-9497-70C7D7CD0098}.Debug|Any CPU.Build.0 = Debug|Any CPU
		{0CF43706-947D-4E48-9497-70C7D7CD0098}.Debug|x64.ActiveCfg = Debug|Any CPU
		{0CF43706-947D-4E48-9497-70C7D7CD0098}.Debug|x64.Build.0 = Debug|Any CPU
		{0CF43706-947D-4E48-9497-70C7D7CD0098}.Debug|x86.ActiveCfg = Debug|Any CPU
		{0CF43706-947D-4E48-9497-70C7D7CD0098}.Debug|x86.Build.0 = Debug|Any CPU
		{0CF43706-947D-4E48-9497-70C7D7CD0098}.Release|Any CPU.ActiveCfg = Release|Any CPU
		{0CF43706-947D-4E48-9497-70C7D7CD0098}.Release|Any CPU.Build.0 = Release|Any CPU
		{0CF43706-947D-4E48-9497-70C7D7CD0098}.Release|x64.ActiveCfg = Release|Any CPU
		{0CF43706-947D-4E48-9497-70C7D7CD0098}.Release|x64.Build.0 = Release|Any CPU
		{0CF43706-947D-4E48-9497-70C7D7CD0098}.Release|x86.ActiveCfg = Release|Any CPU
		{0CF43706-947D-4E48-9497-70C7D7CD0098}.Release|x86.Build.0 = Release|Any CPU
		{5F2218A3-80C5-4EC6-96CE-CE2A3E2C0367}.Debug|Any CPU.ActiveCfg = Debug|Any CPU
		{5F2218A3-80C5-4EC6-96CE-CE2A3E2C0367}.Debug|Any CPU.Build.0 = Debug|Any CPU
		{5F2218A3-80C5-4EC6-96CE-CE2A3E2C0367}.Debug|x64.ActiveCfg = Debug|Any CPU
		{5F2218A3-80C5-4EC6-96CE-CE2A3E2C0367}.Debug|x64.Build.0 = Debug|Any CPU
		{5F2218A3-80C5-4EC6-96CE-CE2A3E2C0367}.Debug|x86.ActiveCfg = Debug|Any CPU
		{5F2218A3-80C5-4EC6-96CE-CE2A3E2C0367}.Debug|x86.Build.0 = Debug|Any CPU
		{5F2218A3-80C5-4EC6-96CE-CE2A3E2C0367}.Release|Any CPU.ActiveCfg = Release|Any CPU
		{5F2218A3-80C5-4EC6-96CE-CE2A3E2C0367}.Release|Any CPU.Build.0 = Release|Any CPU
		{5F2218A3-80C5-4EC6-96CE-CE2A3E2C0367}.Release|x64.ActiveCfg = Release|Any CPU
		{5F2218A3-80C5-4EC6-96CE-CE2A3E2C0367}.Release|x64.Build.0 = Release|Any CPU
		{5F2218A3-80C5-4EC6-96CE-CE2A3E2C0367}.Release|x86.ActiveCfg = Release|Any CPU
		{5F2218A3-80C5-4EC6-96CE-CE2A3E2C0367}.Release|x86.Build.0 = Release|Any CPU
		{B2533ECB-BE69-4101-9DC1-D79CDD557E95}.Debug|Any CPU.ActiveCfg = Debug|Any CPU
		{B2533ECB-BE69-4101-9DC1-D79CDD557E95}.Debug|Any CPU.Build.0 = Debug|Any CPU
		{B2533ECB-BE69-4101-9DC1-D79CDD557E95}.Debug|x64.ActiveCfg = Debug|Any CPU
		{B2533ECB-BE69-4101-9DC1-D79CDD557E95}.Debug|x64.Build.0 = Debug|Any CPU
		{B2533ECB-BE69-4101-9DC1-D79CDD557E95}.Debug|x86.ActiveCfg = Debug|Any CPU
		{B2533ECB-BE69-4101-9DC1-D79CDD557E95}.Debug|x86.Build.0 = Debug|Any CPU
		{B2533ECB-BE69-4101-9DC1-D79CDD557E95}.Release|Any CPU.ActiveCfg = Release|Any CPU
		{B2533ECB-BE69-4101-9DC1-D79CDD557E95}.Release|Any CPU.Build.0 = Release|Any CPU
		{B2533ECB-BE69-4101-9DC1-D79CDD557E95}.Release|x64.ActiveCfg = Release|Any CPU
		{B2533ECB-BE69-4101-9DC1-D79CDD557E95}.Release|x64.Build.0 = Release|Any CPU
		{B2533ECB-BE69-4101-9DC1-D79CDD557E95}.Release|x86.ActiveCfg = Release|Any CPU
		{B2533ECB-BE69-4101-9DC1-D79CDD557E95}.Release|x86.Build.0 = Release|Any CPU
		{8769D6C4-7631-4A84-B057-58A2BBB8DA0B}.Debug|Any CPU.ActiveCfg = Debug|Any CPU
		{8769D6C4-7631-4A84-B057-58A2BBB8DA0B}.Debug|Any CPU.Build.0 = Debug|Any CPU
		{8769D6C4-7631-4A84-B057-58A2BBB8DA0B}.Debug|x64.ActiveCfg = Debug|Any CPU
		{8769D6C4-7631-4A84-B057-58A2BBB8DA0B}.Debug|x64.Build.0 = Debug|Any CPU
		{8769D6C4-7631-4A84-B057-58A2BBB8DA0B}.Debug|x86.ActiveCfg = Debug|Any CPU
		{8769D6C4-7631-4A84-B057-58A2BBB8DA0B}.Debug|x86.Build.0 = Debug|Any CPU
		{8769D6C4-7631-4A84-B057-58A2BBB8DA0B}.Release|Any CPU.ActiveCfg = Release|Any CPU
		{8769D6C4-7631-4A84-B057-58A2BBB8DA0B}.Release|Any CPU.Build.0 = Release|Any CPU
		{8769D6C4-7631-4A84-B057-58A2BBB8DA0B}.Release|x64.ActiveCfg = Release|Any CPU
		{8769D6C4-7631-4A84-B057-58A2BBB8DA0B}.Release|x64.Build.0 = Release|Any CPU
		{8769D6C4-7631-4A84-B057-58A2BBB8DA0B}.Release|x86.ActiveCfg = Release|Any CPU
		{8769D6C4-7631-4A84-B057-58A2BBB8DA0B}.Release|x86.Build.0 = Release|Any CPU
		{89391C6E-AD2F-42C9-A9FD-B403D005189F}.Debug|Any CPU.ActiveCfg = Debug|Any CPU
		{89391C6E-AD2F-42C9-A9FD-B403D005189F}.Debug|Any CPU.Build.0 = Debug|Any CPU
		{89391C6E-AD2F-42C9-A9FD-B403D005189F}.Debug|x64.ActiveCfg = Debug|Any CPU
		{89391C6E-AD2F-42C9-A9FD-B403D005189F}.Debug|x64.Build.0 = Debug|Any CPU
		{89391C6E-AD2F-42C9-A9FD-B403D005189F}.Debug|x86.ActiveCfg = Debug|Any CPU
		{89391C6E-AD2F-42C9-A9FD-B403D005189F}.Debug|x86.Build.0 = Debug|Any CPU
		{89391C6E-AD2F-42C9-A9FD-B403D005189F}.Release|Any CPU.ActiveCfg = Release|Any CPU
		{89391C6E-AD2F-42C9-A9FD-B403D005189F}.Release|Any CPU.Build.0 = Release|Any CPU
		{89391C6E-AD2F-42C9-A9FD-B403D005189F}.Release|x64.ActiveCfg = Release|Any CPU
		{89391C6E-AD2F-42C9-A9FD-B403D005189F}.Release|x64.Build.0 = Release|Any CPU
		{89391C6E-AD2F-42C9-A9FD-B403D005189F}.Release|x86.ActiveCfg = Release|Any CPU
		{89391C6E-AD2F-42C9-A9FD-B403D005189F}.Release|x86.Build.0 = Release|Any CPU
		{1D9CD911-C525-4125-8B4B-C5FB7B636534}.Debug|Any CPU.ActiveCfg = Debug|Any CPU
		{1D9CD911-C525-4125-8B4B-C5FB7B636534}.Debug|Any CPU.Build.0 = Debug|Any CPU
		{1D9CD911-C525-4125-8B4B-C5FB7B636534}.Debug|x64.ActiveCfg = Debug|Any CPU
		{1D9CD911-C525-4125-8B4B-C5FB7B636534}.Debug|x64.Build.0 = Debug|Any CPU
		{1D9CD911-C525-4125-8B4B-C5FB7B636534}.Debug|x86.ActiveCfg = Debug|Any CPU
		{1D9CD911-C525-4125-8B4B-C5FB7B636534}.Debug|x86.Build.0 = Debug|Any CPU
		{1D9CD911-C525-4125-8B4B-C5FB7B636534}.Release|Any CPU.ActiveCfg = Release|Any CPU
		{1D9CD911-C525-4125-8B4B-C5FB7B636534}.Release|Any CPU.Build.0 = Release|Any CPU
		{1D9CD911-C525-4125-8B4B-C5FB7B636534}.Release|x64.ActiveCfg = Release|Any CPU
		{1D9CD911-C525-4125-8B4B-C5FB7B636534}.Release|x64.Build.0 = Release|Any CPU
		{1D9CD911-C525-4125-8B4B-C5FB7B636534}.Release|x86.ActiveCfg = Release|Any CPU
		{1D9CD911-C525-4125-8B4B-C5FB7B636534}.Release|x86.Build.0 = Release|Any CPU
	EndGlobalSection
	GlobalSection(SolutionProperties) = preSolution
		HideSolutionNode = FALSE
	EndGlobalSection
	GlobalSection(NestedProjects) = preSolution
		{4CC9F625-9D67-4568-A5BB-722A2EC55252} = {8C97BE48-3FCB-4D54-AA09-0B517745919A}
		{0CF43706-947D-4E48-9497-70C7D7CD0098} = {8C97BE48-3FCB-4D54-AA09-0B517745919A}
		{5F2218A3-80C5-4EC6-96CE-CE2A3E2C0367} = {8C97BE48-3FCB-4D54-AA09-0B517745919A}
		{B2533ECB-BE69-4101-9DC1-D79CDD557E95} = {8C97BE48-3FCB-4D54-AA09-0B517745919A}
		{8769D6C4-7631-4A84-B057-58A2BBB8DA0B} = {8C97BE48-3FCB-4D54-AA09-0B517745919A}
		{89391C6E-AD2F-42C9-A9FD-B403D005189F} = {8C97BE48-3FCB-4D54-AA09-0B517745919A}
		{1D9CD911-C525-4125-8B4B-C5FB7B636534} = {8C97BE48-3FCB-4D54-AA09-0B517745919A}
	EndGlobalSection
	GlobalSection(ExtensibilityGlobals) = postSolution
		SolutionGuid = {6C306A8A-71DD-4EFE-B640-E22355E06A5B}
	EndGlobalSection
EndGlobal
